// !$*UTF8*$!
{
	archiveVersion = 1;
	classes = {};
	objectVersion = 56;
	objects = {
/* Begin PBXBuildFile section */
		FCC059539A424FB8BAD92975 /* App.swift in Sources */ = {isa = PBXBuildFile; fileRef = 901CE5DA08024DB4B63DB083 /* App.swift */; };
		6F01F522A9764DF2AE86FBCD /* AppGroup.swift in Sources */ = {isa = PBXBuildFile; fileRef = 07EB0647DF60414FB9E720CA /* AppGroup.swift */; };
		F167D153C0A146798CDC3A57 /* ContentView.swift in Sources */ = {isa = PBXBuildFile; fileRef = 5C57F5604E01431EAA40DDD4 /* ContentView.swift */; };
		8854E4C0EEC545458CF181E7 /* FloatingHUDManager.swift in Sources */ = {isa = PBXBuildFile; fileRef = F33625F1697548059ABF1978 /* FloatingHUDManager.swift */; };
		2B1291B274AF40258CB6C010 /* LogsView.swift in Sources */ = {isa = PBXBuildFile; fileRef = F06A1989062840F7A2429E63 /* LogsView.swift */; };
		DFBAB21075A8492DAC856767 /* ProcessManager.swift in Sources */ = {isa = PBXBuildFile; fileRef = AC60DA16F3F64A72A28A3ACE /* ProcessManager.swift */; };
		767D70E1E7684BB09B19E2CA /* SettingsView.swift in Sources */ = {isa = PBXBuildFile; fileRef = 9B3ADA88E87D487D86066E6D /* SettingsView.swift */; };
		B99B2E5BC9BF48F4B407930E /* VPNManager.swift in Sources */ = {isa = PBXBuildFile; fileRef = 9FB47FDB12624987999C5F6A /* VPNManager.swift */; };
		07A6ED6BE110496C95F7B25F /* PacketTunnelProvider.swift in Sources */ = {isa = PBXBuildFile; fileRef = A979FB1905984B6B88D70E8E /* PacketTunnelProvider.swift */; };
/* End PBXBuildFile section */

/* Begin PBXFileReference section */
		FEAD5FA321424630AEFDA712 /* PacketBlocker.app */ = {isa = PBXFileReference; explicitFileType = wrapper.application; includeInIndex = 0; path = PacketBlocker.app; sourceTree = BUILT_PRODUCTS_DIR; };
		190F446979B244839F2819A0 /* PacketBlockerExtension.appex */ = {isa = PBXFileReference; explicitFileType = "wrapper.app-extension"; includeInIndex = 0; path = PacketBlockerExtension.appex; sourceTree = BUILT_PRODUCTS_DIR; };
		901CE5DA08024DB4B63DB083 /* App.swift */ = {isa = PBXFileReference; lastKnownFileType = sourcecode.swift; path = App.swift; sourceTree = "<group>"; };
		07EB0647DF60414FB9E720CA /* AppGroup.swift */ = {isa = PBXFileReference; lastKnownFileType = sourcecode.swift; path = AppGroup.swift; sourceTree = "<group>"; };
		5C57F5604E01431EAA40DDD4 /* ContentView.swift */ = {isa = PBXFileReference; lastKnownFileType = sourcecode.swift; path = ContentView.swift; sourceTree = "<group>"; };
		F33625F1697548059ABF1978 /* FloatingHUDManager.swift */ = {isa = PBXFileReference; lastKnownFileType = sourcecode.swift; path = FloatingHUDManager.swift; sourceTree = "<group>"; };
		F06A1989062840F7A2429E63 /* LogsView.swift */ = {isa = PBXFileReference; lastKnownFileType = sourcecode.swift; path = LogsView.swift; sourceTree = "<group>"; };
		AC60DA16F3F64A72A28A3ACE /* ProcessManager.swift */ = {isa = PBXFileReference; lastKnownFileType = sourcecode.swift; path = ProcessManager.swift; sourceTree = "<group>"; };
		9B3ADA88E87D487D86066E6D /* SettingsView.swift */ = {isa = PBXFileReference; lastKnownFileType = sourcecode.swift; path = SettingsView.swift; sourceTree = "<group>"; };
		9FB47FDB12624987999C5F6A /* VPNManager.swift */ = {isa = PBXFileReference; lastKnownFileType = sourcecode.swift; path = VPNManager.swift; sourceTree = "<group>"; };
		A979FB1905984B6B88D70E8E /* PacketTunnelProvider.swift */ = {isa = PBXFileReference; lastKnownFileType = sourcecode.swift; path = PacketTunnelProvider.swift; sourceTree = "<group>"; };
		3EC5CC38BA7C45718AA2C20A /* Info.plist */ = {isa = PBXFileReference; lastKnownFileType = text.plist.xml; path = Info.plist; sourceTree = "<group>"; };
		A567E4FC858B4894B9A314DC /* Info.plist */ = {isa = PBXFileReference; lastKnownFileType = text.plist.xml; path = Info.plist; sourceTree = "<group>"; };
		88877674337B475EA203FC93 /* PacketBlocker.entitlements */ = {isa = PBXFileReference; lastKnownFileType = text.plist.entitlements; path = PacketBlocker.entitlements; sourceTree = "<group>"; };
		D445B276B6AA49759E0BB3C5 /* PacketBlockerExtension.entitlements */ = {isa = PBXFileReference; lastKnownFileType = text.plist.entitlements; path = PacketBlockerExtension.entitlements; sourceTree = "<group>"; };
/* End PBXFileReference section */

/* Begin PBXGroup section */
		48FEA225598D4866A21FBA47 = {isa = PBXGroup; children = (59C642D0869E41EA8C621B07, 8A01285E03C64361BB2ABAF8, 7ED28914ABB543D98F4D1D48); sourceTree = "<group>"; };
		59C642D0869E41EA8C621B07 /* PacketBlocker */ = {isa = PBXGroup; children = (901CE5DA08024DB4B63DB083, 07EB0647DF60414FB9E720CA, 5C57F5604E01431EAA40DDD4, F33625F1697548059ABF1978, F06A1989062840F7A2429E63, AC60DA16F3F64A72A28A3ACE, 9B3ADA88E87D487D86066E6D, 9FB47FDB12624987999C5F6A, 3EC5CC38BA7C45718AA2C20A, 88877674337B475EA203FC93); path = PacketBlocker; sourceTree = "<group>"; };
		8A01285E03C64361BB2ABAF8 /* PacketBlockerExtension */ = {isa = PBXGroup; children = (A979FB1905984B6B88D70E8E, A567E4FC858B4894B9A314DC, D445B276B6AA49759E0BB3C5); path = PacketBlockerExtension; sourceTree = "<group>"; };
		7ED28914ABB543D98F4D1D48 /* Products */ = {isa = PBXGroup; children = (FEAD5FA321424630AEFDA712, 190F446979B244839F2819A0); name = Products; sourceTree = "<group>"; };
/* End PBXGroup section */

/* Begin PBXNativeTarget section */
		ABBED425C20941D0805C3BE8 /* PacketBlocker */ = {isa = PBXNativeTarget; buildConfigurationList = EDBA72B2796748039368E96A; buildPhases = (E8B873307C6249ADA1319A35); buildRules = (); dependencies = (AAEE7544F7004AC68F2B8FD8); name = PacketBlocker; productName = PacketBlocker; productReference = FEAD5FA321424630AEFDA712 /* PacketBlocker.app */; productType = "com.apple.product-type.application"; };
		8E7BCD264D8047FAB626402E /* PacketBlockerExtension */ = {isa = PBXNativeTarget; buildConfigurationList = B82CD58E6B49489F921BFAAD; buildPhases = (1A0D8A5CAE1246F9ABBA7EF6); buildRules = (); dependencies = (); name = PacketBlockerExtension; productName = PacketBlockerExtension; productReference = 190F446979B244839F2819A0 /* PacketBlockerExtension.appex */; productType = "com.apple.product-type.app-extension"; };
/* End PBXNativeTarget section */

/* Begin PBXProject section */
		561E549E61D64C4AB8019B57 /* Project object */ = {isa = PBXProject; attributes = {LastSwiftUpdateCheck = 1540; LastUpgradeCheck = 1540; ORGANIZATIONNAME = ""; TargetAttributes = {ABBED425C20941D0805C3BE8 = {CreatedOnToolsVersion = 15.4;}; 8E7BCD264D8047FAB626402E = {CreatedOnToolsVersion = 15.4;};};}; buildConfigurationList = 4FF8ABAF140B402D99600C8B; compatibilityVersion = "Xcode 14.0"; developmentRegion = en; hasScannedForEncodings = 0; knownRegions = (en, Base); mainGroup = 48FEA225598D4866A21FBA47; productRefGroup = 7ED28914ABB543D98F4D1D48; projectDirPath = ""; projectRoot = ""; targets = (ABBED425C20941D0805C3BE8, 8E7BCD264D8047FAB626402E); };
/* End PBXProject section */

/* Begin PBXSourcesBuildPhase section */
		E8B873307C6249ADA1319A35 /* Sources */ = {isa = PBXSourcesBuildPhase; buildActionMask = 2147483647; files = (FCC059539A424FB8BAD92975, 6F01F522A9764DF2AE86FBCD, F167D153C0A146798CDC3A57, 8854E4C0EEC545458CF181E7, 2B1291B274AF40258CB6C010, DFBAB21075A8492DAC856767, 767D70E1E7684BB09B19E2CA, B99B2E5BC9BF48F4B407930E); runOnlyForDeploymentPostprocessing = 0; };
		1A0D8A5CAE1246F9ABBA7EF6 /* Sources */ = {isa = PBXSourcesBuildPhase; buildActionMask = 2147483647; files = (07A6ED6BE110496C95F7B25F); runOnlyForDeploymentPostprocessing = 0; };
/* End PBXSourcesBuildPhase section */

/* Begin PBXTargetDependency section */
		AAEE7544F7004AC68F2B8FD8 /* PBXTargetDependency */ = {isa = PBXTargetDependency; target = 8E7BCD264D8047FAB626402E; targetProxy = DDAA500F83B040FEB2AB0520; };
/* End PBXTargetDependency section */

/* Begin PBXContainerItemProxy section */
		DDAA500F83B040FEB2AB0520 /* PBXContainerItemProxy */ = {isa = PBXContainerItemProxy; containerPortal = 561E549E61D64C4AB8019B57; proxyType = 1; remoteGlobalIDString = 8E7BCD264D8047FAB626402E; remoteInfo = PacketBlockerExtension; };
/* End PBXContainerItemProxy section */

/* Begin XCBuildConfiguration section */
		7B853777F8C24C95A813E851 /* Debug */ = {isa = XCBuildConfiguration; buildSettings = {ALWAYS_SEARCH_USER_PATHS = NO; CLANG_ANALYZER_NONNULL = YES; CLANG_CXX_LANGUAGE_STANDARD = "gnu++20"; CLANG_ENABLE_MODULES = YES; CLANG_ENABLE_OBJC_ARC = YES; COPY_PHASE_STRIP = NO; DEBUG_INFORMATION_FORMAT = dwarf; ENABLE_STRICT_OBJC_MSGSEND = YES; ENABLE_TESTABILITY = YES; ENABLE_USER_SCRIPT_SANDBOXING = NO; GCC_DYNAMIC_NO_PIC = NO; GCC_OPTIMIZATION_LEVEL = 0; GCC_PREPROCESSOR_DEFINITIONS = ("DEBUG=1", "$(inherited)"); IPHONEOS_DEPLOYMENT_TARGET = 16.0; MTL_ENABLE_DEBUG_INFO = INCLUDE_SOURCE; ONLY_ACTIVE_ARCH = YES; SDKROOT = iphoneos; SWIFT_ACTIVE_COMPILATION_CONDITIONS = "DEBUG $(inherited)"; SWIFT_OPTIMIZATION_LEVEL = "-Onone";}; name = Debug; };
		9F3A4DFFF55140949C92F9DA /* Release */ = {isa = XCBuildConfiguration; buildSettings = {ALWAYS_SEARCH_USER_PATHS = NO; CLANG_ANALYZER_NONNULL = YES; CLANG_CXX_LANGUAGE_STANDARD = "gnu++20"; CLANG_ENABLE_MODULES = YES; CLANG_ENABLE_OBJC_ARC = YES; COPY_PHASE_STRIP = NO; DEBUG_INFORMATION_FORMAT = "dwarf-with-dsym"; ENABLE_NS_ASSERTIONS = NO; ENABLE_STRICT_OBJC_MSGSEND = YES; ENABLE_USER_SCRIPT_SANDBOXING = NO; IPHONEOS_DEPLOYMENT_TARGET = 16.0; MTL_ENABLE_DEBUG_INFO = NO; SDKROOT = iphoneos; SWIFT_COMPILATION_MODE = wholemodule; VALIDATE_PRODUCT = YES;}; name = Release; };
		BA2EFC1E3FD5440A9EB70C6D /* Debug */ = {isa = XCBuildConfiguration; buildSettings = {ASSETCATALOG_COMPILER_APPICON_NAME = AppIcon; CODE_SIGN_ENTITLEMENTS = PacketBlocker/PacketBlocker.entitlements; CODE_SIGN_STYLE = Manual; INFOPLIST_FILE = PacketBlocker/Info.plist; IPHONEOS_DEPLOYMENT_TARGET = 16.0; PRODUCT_BUNDLE_IDENTIFIER = com.ban.PacketBlocker; PRODUCT_NAME = "$(TARGET_NAME)"; SWIFT_EMIT_LOC_STRINGS = YES; SWIFT_VERSION = 5.0; TARGETED_DEVICE_FAMILY = "1,2";}; name = Debug; };
		6DEA5237761C4CB9BAA6E134 /* Release */ = {isa = XCBuildConfiguration; buildSettings = {ASSETCATALOG_COMPILER_APPICON_NAME = AppIcon; CODE_SIGN_ENTITLEMENTS = PacketBlocker/PacketBlocker.entitlements; CODE_SIGN_STYLE = Manual; INFOPLIST_FILE = PacketBlocker/Info.plist; IPHONEOS_DEPLOYMENT_TARGET = 16.0; PRODUCT_BUNDLE_IDENTIFIER = com.ban.PacketBlocker; PRODUCT_NAME = "$(TARGET_NAME)"; SWIFT_EMIT_LOC_STRINGS = YES; SWIFT_VERSION = 5.0; TARGETED_DEVICE_FAMILY = "1,2";}; name = Release; };
		AB6B64889BC043E2A6D9284E /* Debug */ = {isa = XCBuildConfiguration; buildSettings = {CODE_SIGN_ENTITLEMENTS = PacketBlockerExtension/PacketBlockerExtension.entitlements; CODE_SIGN_STYLE = Manual; INFOPLIST_FILE = PacketBlockerExtension/Info.plist; IPHONEOS_DEPLOYMENT_TARGET = 16.0; PRODUCT_BUNDLE_IDENTIFIER = com.ban.PacketBlocker.extension; PRODUCT_NAME = "$(TARGET_NAME)"; SKIP_INSTALL = YES; SWIFT_EMIT_LOC_STRINGS = YES; SWIFT_VERSION = 5.0; TARGETED_DEVICE_FAMILY = "1,2";}; name = Debug; };
		31A9AC147CBE4883BF5936EC /* Release */ = {isa = XCBuildConfiguration; buildSettings = {CODE_SIGN_ENTITLEMENTS = PacketBlockerExtension/PacketBlockerExtension.entitlements; CODE_SIGN_STYLE = Manual; INFOPLIST_FILE = PacketBlockerExtension/Info.plist; IPHONEOS_DEPLOYMENT_TARGET = 16.0; PRODUCT_BUNDLE_IDENTIFIER = com.ban.PacketBlocker.extension; PRODUCT_NAME = "$(TARGET_NAME)"; SKIP_INSTALL = YES; SWIFT_EMIT_LOC_STRINGS = YES; SWIFT_VERSION = 5.0; TARGETED_DEVICE_FAMILY = "1,2";}; name = Release; };
/* End XCBuildConfiguration section */

/* Begin XCConfigurationList section */
		EDBA72B2796748039368E96A /* Build configuration list for PBXNativeTarget "PacketBlocker" */ = {isa = XCConfigurationList; buildConfigurations = (BA2EFC1E3FD5440A9EB70C6D, 6DEA5237761C4CB9BAA6E134); defaultConfigurationIsVisible = 0; defaultConfigurationName = Release; };
		B82CD58E6B49489F921BFAAD /* Build configuration list for PBXNativeTarget "PacketBlockerExtension" */ = {isa = XCConfigurationList; buildConfigurations = (AB6B64889BC043E2A6D9284E, 31A9AC147CBE4883BF5936EC); defaultConfigurationIsVisible = 0; defaultConfigurationName = Release; };
		4FF8ABAF140B402D99600C8B /* Build configuration list for PBXProject */ = {isa = XCConfigurationList; buildConfigurations = (7B853777F8C24C95A813E851, 9F3A4DFFF55140949C92F9DA); defaultConfigurationIsVisible = 0; defaultConfigurationName = Release; };
/* End XCConfigurationList section */
	};
	rootObject = 561E549E61D64C4AB8019B57 /* Project object */;
}
